
Microsoft Visual Studio Solution File, Format Version 11.00
# Visual C++ Express 2010
Project("{8BC9CEB8-8B4A-11D0-8D11-00A0C91BC942}") = "ulua", "ulua.vcxproj", "{627F71B6-8F9E-4034-981B-F9012AA8ED40}"
EndProject
Project("{8BC9CEB8-8B4A-11D0-8D11-00A0C91BC942}") = "uluac", "uluac.vcxproj", "{E4181813-E265-4A71-AFE9-301F791E4B19}"
EndProject
Project("{8BC9CEB8-8B4A-11D0-8D11-00A0C91BC942}") = "lemon", "lemon.vcxproj", "{0555063E-9627-42A7-98EA-870155C5BC30}"
EndProject
Project("{8BC9CEB8-8B4A-11D0-8D11-00A0C91BC942}") = "luar", "luar.vcxproj", "{014C1AC3-030B-47D0-AA3F-606112C01350}"
EndProject
Global
	GlobalSection(SolutionConfigurationPlatforms) = preSolution
		Debug|Win32 = Debug|Win32
		Release|Win32 = Release|Win32
	EndGlobalSection
	GlobalSection(ProjectConfigurationPlatforms) = postSolution
		{627F71B6-8F9E-4034-981B-F9012AA8ED40}.Debug|Win32.ActiveCfg = Debug|Win32
		{627F71B6-8F9E-4034-981B-F9012AA8ED40}.Debug|Win32.Build.0 = Debug|Win32
		{627F71B6-8F9E-4034-981B-F9012AA8ED40}.Release|Win32.ActiveCfg = Release|Win32
		{627F71B6-8F9E-4034-981B-F9012AA8ED40}.Release|Win32.Build.0 = Release|Win32
		{E4181813-E265-4A71-AFE9-301F791E4B19}.Debug|Win32.ActiveCfg = Debug|Win32
		{E4181813-E265-4A71-AFE9-301F791E4B19}.Debug|Win32.Build.0 = Debug|Win32
		{E4181813-E265-4A71-AFE9-301F791E4B19}.Release|Win32.ActiveCfg = Release|Win32
		{E4181813-E265-4A71-AFE9-301F791E4B19}.Release|Win32.Build.0 = Release|Win32
		{0555063E-9627-42A7-98EA-870155C5BC30}.Debug|Win32.ActiveCfg = Debug|Win32
		{0555063E-9627-42A7-98EA-870155C5BC30}.Debug|Win32.Build.0 = Debug|Win32
		{0555063E-9627-42A7-98EA-870155C5BC30}.Release|Win32.ActiveCfg = Release|Win32
		{0555063E-9627-42A7-98EA-870155C5BC30}.Release|Win32.Build.0 = Release|Win32
		{014C1AC3-030B-47D0-AA3F-606112C01350}.Debug|Win32.ActiveCfg = Debug|Win32
		{014C1AC3-030B-47D0-AA3F-606112C01350}.Debug|Win32.Build.0 = Debug|Win32
		{014C1AC3-030B-47D0-AA3F-606112C01350}.Release|Win32.ActiveCfg = Release|Win32
		{014C1AC3-030B-47D0-AA3F-606112C01350}.Release|Win32.Build.0 = Release|Win32
	EndGlobalSection
	GlobalSection(SolutionProperties) = preSolution
		HideSolutionNode = FALSE
	EndGlobalSection
EndGlobal
